
Microsoft Visual Studio Solution File, Format Version 12.00
# Visual Studio 15
VisualStudioVersion = 15.0.28307.106
MinimumVisualStudioVersion = 10.0.40219.1
Project("{FAE04EC0-301F-11D3-BF4B-00C04F79EFBC}") = "MaximusFramework", "MaximusFramework\MaximusFramework.csproj", "{6AE2C24F-502B-467E-B3F8-5741EFD3343C}"
EndProject
Project("{FAE04EC0-301F-11D3-BF4B-00C04F79EFBC}") = "AutomatedTests", "AutomatedTests\AutomatedTests.csproj", "{94C43187-2F12-45DA-A0BE-CE18F6B9E0ED}"
EndProject
Global
	GlobalSection(SolutionConfigurationPlatforms) = preSolution
		Debug|Any CPU = Debug|Any CPU
		Release|Any CPU = Release|Any CPU
	EndGlobalSection
	GlobalSection(ProjectConfigurationPlatforms) = postSolution
		{6AE2C24F-502B-467E-B3F8-5741EFD3343C}.Debug|Any CPU.ActiveCfg = Debug|Any CPU
		{6AE2C24F-502B-467E-B3F8-5741EFD3343C}.Debug|Any CPU.Build.0 = Debug|Any CPU
		{6AE2C24F-502B-467E-B3F8-5741EFD3343C}.Release|Any CPU.ActiveCfg = Release|Any CPU
		{6AE2C24F-502B-467E-B3F8-5741EFD3343C}.Release|Any CPU.Build.0 = Release|Any CPU
		{94C43187-2F12-45DA-A0BE-CE18F6B9E0ED}.Debug|Any CPU.ActiveCfg = Debug|Any CPU
		{94C43187-2F12-45DA-A0BE-CE18F6B9E0ED}.Debug|Any CPU.Build.0 = Debug|Any CPU
		{94C43187-2F12-45DA-A0BE-CE18F6B9E0ED}.Release|Any CPU.ActiveCfg = Release|Any CPU
		{94C43187-2F12-45DA-A0BE-CE18F6B9E0ED}.Release|Any CPU.Build.0 = Release|Any CPU
	EndGlobalSection
	GlobalSection(SolutionProperties) = preSolution
		HideSolutionNode = FALSE
	EndGlobalSection
	GlobalSection(ExtensibilityGlobals) = postSolution
		SolutionGuid = {1FFBEB97-12D9-45D8-9165-1199C66FF84D}
	EndGlobalSection
EndGlobal
